
Microsoft Visual Studio Solution File, Format Version 12.00
# Visual Studio Version 17
VisualStudioVersion = 17.10.35013.160
MinimumVisualStudioVersion = 10.0.40219.1
Project("{FAE04EC0-301F-11D3-BF4B-00C04F79EFBC}") = "Server Side", "Server Side\Server Side.csproj", "{4588C6DC-293C-4D0B-94FB-4D7D9F2BB7EB}"
EndProject
Project("{FAE04EC0-301F-11D3-BF4B-00C04F79EFBC}") = "Business Layer", "Business Layer\Business Layer.csproj", "{AEC772E5-2FF9-4D9B-9B4D-093BFBE9A23E}"
EndProject
Project("{FAE04EC0-301F-11D3-BF4B-00C04F79EFBC}") = "Data Access Layer", "Data Access Layer\Data Access Layer.csproj", "{341EF633-CDB6-4EB3-9C50-36A620FF59FF}"
EndProject
Global
	GlobalSection(SolutionConfigurationPlatforms) = preSolution
		Debug|Any CPU = Debug|Any CPU
		Release|Any CPU = Release|Any CPU
	EndGlobalSection
	GlobalSection(ProjectConfigurationPlatforms) = postSolution
		{4588C6DC-293C-4D0B-94FB-4D7D9F2BB7EB}.Debug|Any CPU.ActiveCfg = Debug|Any CPU
		{4588C6DC-293C-4D0B-94FB-4D7D9F2BB7EB}.Debug|Any CPU.Build.0 = Debug|Any CPU
		{4588C6DC-293C-4D0B-94FB-4D7D9F2BB7EB}.Release|Any CPU.ActiveCfg = Release|Any CPU
		{4588C6DC-293C-4D0B-94FB-4D7D9F2BB7EB}.Release|Any CPU.Build.0 = Release|Any CPU
		{AEC772E5-2FF9-4D9B-9B4D-093BFBE9A23E}.Debug|Any CPU.ActiveCfg = Debug|Any CPU
		{AEC772E5-2FF9-4D9B-9B4D-093BFBE9A23E}.Debug|Any CPU.Build.0 = Debug|Any CPU
		{AEC772E5-2FF9-4D9B-9B4D-093BFBE9A23E}.Release|Any CPU.ActiveCfg = Release|Any CPU
		{AEC772E5-2FF9-4D9B-9B4D-093BFBE9A23E}.Release|Any CPU.Build.0 = Release|Any CPU
		{341EF633-CDB6-4EB3-9C50-36A620FF59FF}.Debug|Any CPU.ActiveCfg = Debug|Any CPU
		{341EF633-CDB6-4EB3-9C50-36A620FF59FF}.Debug|Any CPU.Build.0 = Debug|Any CPU
		{341EF633-CDB6-4EB3-9C50-36A620FF59FF}.Release|Any CPU.ActiveCfg = Release|Any CPU
		{341EF633-CDB6-4EB3-9C50-36A620FF59FF}.Release|Any CPU.Build.0 = Release|Any CPU
	EndGlobalSection
	GlobalSection(SolutionProperties) = preSolution
		HideSolutionNode = FALSE
	EndGlobalSection
	GlobalSection(ExtensibilityGlobals) = postSolution
		SolutionGuid = {A26ADCE6-B3CB-4E2A-9F6E-1FF12D8C6703}
	EndGlobalSection
EndGlobal
