
Microsoft Visual Studio Solution File, Format Version 12.00
# Visual Studio Version 17
VisualStudioVersion = 17.10.35013.160
MinimumVisualStudioVersion = 10.0.40219.1
Project("{9A19103F-16F7-4668-BE54-9A1E7A4F7556}") = "Server Side", "Server Side\Server Side.csproj", "{E15F979E-60E0-4889-BDB9-ACFD68757B3F}"
EndProject
Project("{9A19103F-16F7-4668-BE54-9A1E7A4F7556}") = "Data Access", "Data Access\Data Access.csproj", "{4DF58D97-256E-4ED6-BF57-323B1856298B}"
EndProject
Project("{9A19103F-16F7-4668-BE54-9A1E7A4F7556}") = "Data Business", "Data Business\Data Business.csproj", "{7B080C04-7E82-4DEC-9650-FC1633081185}"
EndProject
Project("{FAE04EC0-301F-11D3-BF4B-00C04F79EFBC}") = "Client Side", "Client Side\Client Side.csproj", "{55847479-3E32-448C-B96A-17707EF4DB0C}"
EndProject
Global
	GlobalSection(SolutionConfigurationPlatforms) = preSolution
		Debug|Any CPU = Debug|Any CPU
		Release|Any CPU = Release|Any CPU
	EndGlobalSection
	GlobalSection(ProjectConfigurationPlatforms) = postSolution
		{E15F979E-60E0-4889-BDB9-ACFD68757B3F}.Debug|Any CPU.ActiveCfg = Debug|Any CPU
		{E15F979E-60E0-4889-BDB9-ACFD68757B3F}.Debug|Any CPU.Build.0 = Debug|Any CPU
		{E15F979E-60E0-4889-BDB9-ACFD68757B3F}.Release|Any CPU.ActiveCfg = Release|Any CPU
		{E15F979E-60E0-4889-BDB9-ACFD68757B3F}.Release|Any CPU.Build.0 = Release|Any CPU
		{4DF58D97-256E-4ED6-BF57-323B1856298B}.Debug|Any CPU.ActiveCfg = Debug|Any CPU
		{4DF58D97-256E-4ED6-BF57-323B1856298B}.Debug|Any CPU.Build.0 = Debug|Any CPU
		{4DF58D97-256E-4ED6-BF57-323B1856298B}.Release|Any CPU.ActiveCfg = Release|Any CPU
		{4DF58D97-256E-4ED6-BF57-323B1856298B}.Release|Any CPU.Build.0 = Release|Any CPU
		{7B080C04-7E82-4DEC-9650-FC1633081185}.Debug|Any CPU.ActiveCfg = Debug|Any CPU
		{7B080C04-7E82-4DEC-9650-FC1633081185}.Debug|Any CPU.Build.0 = Debug|Any CPU
		{7B080C04-7E82-4DEC-9650-FC1633081185}.Release|Any CPU.ActiveCfg = Release|Any CPU
		{7B080C04-7E82-4DEC-9650-FC1633081185}.Release|Any CPU.Build.0 = Release|Any CPU
		{55847479-3E32-448C-B96A-17707EF4DB0C}.Debug|Any CPU.ActiveCfg = Debug|Any CPU
		{55847479-3E32-448C-B96A-17707EF4DB0C}.Debug|Any CPU.Build.0 = Debug|Any CPU
		{55847479-3E32-448C-B96A-17707EF4DB0C}.Release|Any CPU.ActiveCfg = Release|Any CPU
		{55847479-3E32-448C-B96A-17707EF4DB0C}.Release|Any CPU.Build.0 = Release|Any CPU
	EndGlobalSection
	GlobalSection(SolutionProperties) = preSolution
		HideSolutionNode = FALSE
	EndGlobalSection
	GlobalSection(ExtensibilityGlobals) = postSolution
		SolutionGuid = {A88554B5-9C4B-464E-A741-C336B78D007C}
	EndGlobalSection
EndGlobal
